
Microsoft Visual Studio Solution File, Format Version 12.00
# Visual Studio 2012
Project("{8BC9CEB8-8B4A-11D0-8D11-00A0C91BC942}") = "姓名2", "姓名2\姓名2.vcxproj", "{2A10E78B-BA4C-4F3D-89A9-EC548C336C33}"
EndProject
Global
	GlobalSection(SolutionConfigurationPlatforms) = preSolution
		Debug|Win32 = Debug|Win32
		Release|Win32 = Release|Win32
	EndGlobalSection
	GlobalSection(ProjectConfigurationPlatforms) = postSolution
		{2A10E78B-BA4C-4F3D-89A9-EC548C336C33}.Debug|Win32.ActiveCfg = Debug|Win32
		{2A10E78B-BA4C-4F3D-89A9-EC548C336C33}.Debug|Win32.Build.0 = Debug|Win32
		{2A10E78B-BA4C-4F3D-89A9-EC548C336C33}.Release|Win32.ActiveCfg = Release|Win32
		{2A10E78B-BA4C-4F3D-89A9-EC548C336C33}.Release|Win32.Build.0 = Release|Win32
	EndGlobalSection
	GlobalSection(SolutionProperties) = preSolution
		HideSolutionNode = FALSE
	EndGlobalSection
EndGlobal
