
Microsoft Visual Studio Solution File, Format Version 12.00
# Visual Studio 2012
Project("{8BC9CEB8-8B4A-11D0-8D11-00A0C91BC942}") = "5.11-4", "5.11-4\5.11-4.vcxproj", "{9B0BD281-6501-4C05-87DB-91C606BC841F}"
EndProject
Global
	GlobalSection(SolutionConfigurationPlatforms) = preSolution
		Debug|Win32 = Debug|Win32
		Release|Win32 = Release|Win32
	EndGlobalSection
	GlobalSection(ProjectConfigurationPlatforms) = postSolution
		{9B0BD281-6501-4C05-87DB-91C606BC841F}.Debug|Win32.ActiveCfg = Debug|Win32
		{9B0BD281-6501-4C05-87DB-91C606BC841F}.Debug|Win32.Build.0 = Debug|Win32
		{9B0BD281-6501-4C05-87DB-91C606BC841F}.Release|Win32.ActiveCfg = Release|Win32
		{9B0BD281-6501-4C05-87DB-91C606BC841F}.Release|Win32.Build.0 = Release|Win32
	EndGlobalSection
	GlobalSection(SolutionProperties) = preSolution
		HideSolutionNode = FALSE
	EndGlobalSection
EndGlobal
