
Microsoft Visual Studio Solution File, Format Version 12.00
# Visual Studio 2012
Project("{8BC9CEB8-8B4A-11D0-8D11-00A0C91BC942}") = "for循环 用字符代替数字计数", "for循环 用字符代替数字计数\for循环 用字符代替数字计数.vcxproj", "{5E0D83BA-9FBF-4595-A6EB-DE86E8FED711}"
EndProject
Global
	GlobalSection(SolutionConfigurationPlatforms) = preSolution
		Debug|Win32 = Debug|Win32
		Release|Win32 = Release|Win32
	EndGlobalSection
	GlobalSection(ProjectConfigurationPlatforms) = postSolution
		{5E0D83BA-9FBF-4595-A6EB-DE86E8FED711}.Debug|Win32.ActiveCfg = Debug|Win32
		{5E0D83BA-9FBF-4595-A6EB-DE86E8FED711}.Debug|Win32.Build.0 = Debug|Win32
		{5E0D83BA-9FBF-4595-A6EB-DE86E8FED711}.Release|Win32.ActiveCfg = Release|Win32
		{5E0D83BA-9FBF-4595-A6EB-DE86E8FED711}.Release|Win32.Build.0 = Release|Win32
	EndGlobalSection
	GlobalSection(SolutionProperties) = preSolution
		HideSolutionNode = FALSE
	EndGlobalSection
EndGlobal
