
Microsoft Visual Studio Solution File, Format Version 12.00
# Visual Studio 2012
Project("{8BC9CEB8-8B4A-11D0-8D11-00A0C91BC942}") = "ConsoleApplication16", "ConsoleApplication16\ConsoleApplication16.vcxproj", "{DA249E5E-5529-43BF-9CDB-9BA40817B9E8}"
EndProject
Global
	GlobalSection(SolutionConfigurationPlatforms) = preSolution
		Debug|Win32 = Debug|Win32
		Release|Win32 = Release|Win32
	EndGlobalSection
	GlobalSection(ProjectConfigurationPlatforms) = postSolution
		{DA249E5E-5529-43BF-9CDB-9BA40817B9E8}.Debug|Win32.ActiveCfg = Debug|Win32
		{DA249E5E-5529-43BF-9CDB-9BA40817B9E8}.Debug|Win32.Build.0 = Debug|Win32
		{DA249E5E-5529-43BF-9CDB-9BA40817B9E8}.Release|Win32.ActiveCfg = Release|Win32
		{DA249E5E-5529-43BF-9CDB-9BA40817B9E8}.Release|Win32.Build.0 = Release|Win32
	EndGlobalSection
	GlobalSection(SolutionProperties) = preSolution
		HideSolutionNode = FALSE
	EndGlobalSection
EndGlobal
