
Microsoft Visual Studio Solution File, Format Version 12.00
# Visual Studio 2012
Project("{8BC9CEB8-8B4A-11D0-8D11-00A0C91BC942}") = "5.11-5", "5.11-5\5.11-5.vcxproj", "{F03217C6-16C1-4C98-AC4C-168F1B8DD63B}"
EndProject
Global
	GlobalSection(SolutionConfigurationPlatforms) = preSolution
		Debug|Win32 = Debug|Win32
		Release|Win32 = Release|Win32
	EndGlobalSection
	GlobalSection(ProjectConfigurationPlatforms) = postSolution
		{F03217C6-16C1-4C98-AC4C-168F1B8DD63B}.Debug|Win32.ActiveCfg = Debug|Win32
		{F03217C6-16C1-4C98-AC4C-168F1B8DD63B}.Debug|Win32.Build.0 = Debug|Win32
		{F03217C6-16C1-4C98-AC4C-168F1B8DD63B}.Release|Win32.ActiveCfg = Release|Win32
		{F03217C6-16C1-4C98-AC4C-168F1B8DD63B}.Release|Win32.Build.0 = Release|Win32
	EndGlobalSection
	GlobalSection(SolutionProperties) = preSolution
		HideSolutionNode = FALSE
	EndGlobalSection
EndGlobal
