
Microsoft Visual Studio Solution File, Format Version 12.00
# Visual Studio 2012
Project("{8BC9CEB8-8B4A-11D0-8D11-00A0C91BC942}") = "ConsoleApplication2", "ConsoleApplication2\ConsoleApplication2.vcxproj", "{498ECB39-69AF-486E-AAC4-04648A49DF84}"
EndProject
Global
	GlobalSection(SolutionConfigurationPlatforms) = preSolution
		Debug|Win32 = Debug|Win32
		Release|Win32 = Release|Win32
	EndGlobalSection
	GlobalSection(ProjectConfigurationPlatforms) = postSolution
		{498ECB39-69AF-486E-AAC4-04648A49DF84}.Debug|Win32.ActiveCfg = Debug|Win32
		{498ECB39-69AF-486E-AAC4-04648A49DF84}.Debug|Win32.Build.0 = Debug|Win32
		{498ECB39-69AF-486E-AAC4-04648A49DF84}.Release|Win32.ActiveCfg = Release|Win32
		{498ECB39-69AF-486E-AAC4-04648A49DF84}.Release|Win32.Build.0 = Release|Win32
	EndGlobalSection
	GlobalSection(SolutionProperties) = preSolution
		HideSolutionNode = FALSE
	EndGlobalSection
EndGlobal
